// !$*UTF8*$!
{
	archiveVersion = 1;
	classes = {
	};
	objectVersion = 46;
	objects = {

/* Begin PBXBuildFile section */
		187533951F458031007BCC35 /* AppDelegate.swift in Sources */ = {isa = PBXBuildFile; fileRef = 187533941F458031007BCC35 /* AppDelegate.swift */; };
		187533971F458031007BCC35 /* ViewController.swift in Sources */ = {isa = PBXBuildFile; fileRef = 187533961F458031007BCC35 /* ViewController.swift */; };
		1875339A1F458031007BCC35 /* Main.storyboard in Resources */ = {isa = PBXBuildFile; fileRef = 187533981F458031007BCC35 /* Main.storyboard */; };
		1875339C1F458031007BCC35 /* Assets.xcassets in Resources */ = {isa = PBXBuildFile; fileRef = 1875339B1F458031007BCC35 /* Assets.xcassets */; };
		1875339F1F458031007BCC35 /* LaunchScreen.storyboard in Resources */ = {isa = PBXBuildFile; fileRef = 1875339D1F458031007BCC35 /* LaunchScreen.storyboard */; };
		187534071F45812A007BCC35 /* aescrypt.c in Sources */ = {isa = PBXBuildFile; fileRef = 187533C91F45812A007BCC35 /* aescrypt.c */; };
		187534081F45812A007BCC35 /* aeskey.c in Sources */ = {isa = PBXBuildFile; fileRef = 187533CA1F45812A007BCC35 /* aeskey.c */; };
		187534091F45812A007BCC35 /* aestab.c in Sources */ = {isa = PBXBuildFile; fileRef = 187533CC1F45812A007BCC35 /* aestab.c */; };
		1875340A1F45812A007BCC35 /* entropy.c in Sources */ = {isa = PBXBuildFile; fileRef = 187533D01F45812A007BCC35 /* entropy.c */; };
		1875340B1F45812A007BCC35 /* fileenc.c in Sources */ = {isa = PBXBuildFile; fileRef = 187533D21F45812A007BCC35 /* fileenc.c */; };
		1875340C1F45812A007BCC35 /* hmac.c in Sources */ = {isa = PBXBuildFile; fileRef = 187533D41F45812A007BCC35 /* hmac.c */; };
		1875340D1F45812A007BCC35 /* prng.c in Sources */ = {isa = PBXBuildFile; fileRef = 187533D61F45812A007BCC35 /* prng.c */; };
		1875340E1F45812A007BCC35 /* pwd2key.c in Sources */ = {isa = PBXBuildFile; fileRef = 187533D81F45812A007BCC35 /* pwd2key.c */; };
		1875340F1F45812A007BCC35 /* sha1.c in Sources */ = {isa = PBXBuildFile; fileRef = 187533DA1F45812A007BCC35 /* sha1.c */; };
		187534101F45812A007BCC35 /* ioapi.c in Sources */ = {isa = PBXBuildFile; fileRef = 187533DF1F45812A007BCC35 /* ioapi.c */; };
		187534111F45812A007BCC35 /* mztools.c in Sources */ = {isa = PBXBuildFile; fileRef = 187533E11F45812A007BCC35 /* mztools.c */; };
		187534121F45812A007BCC35 /* unzip.c in Sources */ = {isa = PBXBuildFile; fileRef = 187533E31F45812A007BCC35 /* unzip.c */; };
		187534131F45812A007BCC35 /* zip.c in Sources */ = {isa = PBXBuildFile; fileRef = 187533E51F45812A007BCC35 /* zip.c */; };
		187534141F45812A007BCC35 /* SSZipArchive.m in Sources */ = {isa = PBXBuildFile; fileRef = 187533E81F45812A007BCC35 /* SSZipArchive.m */; };
		187534151F45812A007BCC35 /* ZContent.m in Sources */ = {isa = PBXBuildFile; fileRef = 187533ED1F45812A007BCC35 /* ZContent.m */; };
		187534161F45812A007BCC35 /* ZSheet.m in Sources */ = {isa = PBXBuildFile; fileRef = 187533F01F45812A007BCC35 /* ZSheet.m */; };
		187534171F45812A007BCC35 /* ZSheetCol.m in Sources */ = {isa = PBXBuildFile; fileRef = 187533F21F45812A007BCC35 /* ZSheetCol.m */; };
		187534181F45812A007BCC35 /* ZBaseParser.m in Sources */ = {isa = PBXBuildFile; fileRef = 187533F41F45812A007BCC35 /* ZBaseParser.m */; };
		187534191F45812A007BCC35 /* ZContentParser.m in Sources */ = {isa = PBXBuildFile; fileRef = 187533F61F45812A007BCC35 /* ZContentParser.m */; };
		1875341A1F45812A007BCC35 /* ZSheetParser.m in Sources */ = {isa = PBXBuildFile; fileRef = 187533F81F45812A007BCC35 /* ZSheetParser.m */; };
		1875341B1F45812A007BCC35 /* ZWorkbookParser.m in Sources */ = {isa = PBXBuildFile; fileRef = 187533FA1F45812A007BCC35 /* ZWorkbookParser.m */; };
		1875341C1F45812A007BCC35 /* ZXLSXParser.m in Sources */ = {isa = PBXBuildFile; fileRef = 187533FC1F45812A007BCC35 /* ZXLSXParser.m */; };
		1875341D1F45812A007BCC35 /* ZXLSXParsers注解.m in Sources */ = {isa = PBXBuildFile; fileRef = 187533FD1F45812A007BCC35 /* ZXLSXParsers注解.m */; };
		187534201F45813B007BCC35 /* test.xls in Resources */ = {isa = PBXBuildFile; fileRef = 1875341E1F45813B007BCC35 /* test.xls */; };
		187534211F45813B007BCC35 /* test3.xlsx in Resources */ = {isa = PBXBuildFile; fileRef = 1875341F1F45813B007BCC35 /* test3.xlsx */; };
		187534271F458202007BCC35 /* LAWExcelTool.m in Sources */ = {isa = PBXBuildFile; fileRef = 187534261F458202007BCC35 /* LAWExcelTool.m */; };
		187534291F4582EB007BCC35 /* test.csv in Resources */ = {isa = PBXBuildFile; fileRef = 187534281F4582EB007BCC35 /* test.csv */; };
		1875342C1F458AC6007BCC35 /* CSVParser.m in Sources */ = {isa = PBXBuildFile; fileRef = 1875342B1F458AC6007BCC35 /* CSVParser.m */; };
		187534311F459013007BCC35 /* libz.tbd in Frameworks */ = {isa = PBXBuildFile; fileRef = 187534301F459013007BCC35 /* libz.tbd */; };
		187534571F45A479007BCC35 /* libiconv.2.dylib in Frameworks */ = {isa = PBXBuildFile; fileRef = 187534561F45A479007BCC35 /* libiconv.2.dylib */; };
		187534731F45A6B8007BCC35 /* main11.cpp in Sources */ = {isa = PBXBuildFile; fileRef = 1875345B1F45A6B8007BCC35 /* main11.cpp */; };
		187534741F45A6B8007BCC35 /* XlsReader.cpp in Sources */ = {isa = PBXBuildFile; fileRef = 1875345C1F45A6B8007BCC35 /* XlsReader.cpp */; };
		187534751F45A6B8007BCC35 /* DHcell.m in Sources */ = {isa = PBXBuildFile; fileRef = 187534611F45A6B8007BCC35 /* DHcell.m */; };
		187534761F45A6B8007BCC35 /* DHxlsReaderIOS.m in Sources */ = {isa = PBXBuildFile; fileRef = 187534641F45A6B8007BCC35 /* DHxlsReaderIOS.m */; };
		187534771F45A6B8007BCC35 /* getopt.c in Sources */ = {isa = PBXBuildFile; fileRef = 1875346E1F45A6B8007BCC35 /* getopt.c */; };
		187534781F45A6B8007BCC35 /* ole.c in Sources */ = {isa = PBXBuildFile; fileRef = 1875346F1F45A6B8007BCC35 /* ole.c */; };
		187534791F45A6B8007BCC35 /* xls.c in Sources */ = {isa = PBXBuildFile; fileRef = 187534701F45A6B8007BCC35 /* xls.c */; };
		1875347A1F45A6B8007BCC35 /* xls2csv.c in Sources */ = {isa = PBXBuildFile; fileRef = 187534711F45A6B8007BCC35 /* xls2csv.c */; };
		1875347B1F45A6B8007BCC35 /* xlstool.c in Sources */ = {isa = PBXBuildFile; fileRef = 187534721F45A6B8007BCC35 /* xlstool.c */; };
/* End PBXBuildFile section */

/* Begin PBXFileReference section */
		187533911F458030007BCC35 /* ExcelDemo.app */ = {isa = PBXFileReference; explicitFileType = wrapper.application; includeInIndex = 0; path = ExcelDemo.app; sourceTree = BUILT_PRODUCTS_DIR; };
		187533941F458031007BCC35 /* AppDelegate.swift */ = {isa = PBXFileReference; lastKnownFileType = sourcecode.swift; path = AppDelegate.swift; sourceTree = "<group>"; };
		187533961F458031007BCC35 /* ViewController.swift */ = {isa = PBXFileReference; lastKnownFileType = sourcecode.swift; path = ViewController.swift; sourceTree = "<group>"; };
		187533991F458031007BCC35 /* Base */ = {isa = PBXFileReference; lastKnownFileType = file.storyboard; name = Base; path = Base.lproj/Main.storyboard; sourceTree = "<group>"; };
		1875339B1F458031007BCC35 /* Assets.xcassets */ = {isa = PBXFileReference; lastKnownFileType = folder.assetcatalog; path = Assets.xcassets; sourceTree = "<group>"; };
		1875339E1F458031007BCC35 /* Base */ = {isa = PBXFileReference; lastKnownFileType = file.storyboard; name = Base; path = Base.lproj/LaunchScreen.storyboard; sourceTree = "<group>"; };
		187533A01F458031007BCC35 /* Info.plist */ = {isa = PBXFileReference; lastKnownFileType = text.plist.xml; path = Info.plist; sourceTree = "<group>"; };
		187533C71F45812A007BCC35 /* aes.h */ = {isa = PBXFileReference; fileEncoding = 4; lastKnownFileType = sourcecode.c.h; path = aes.h; sourceTree = "<group>"; };
		187533C81F45812A007BCC35 /* aes_via_ace.h */ = {isa = PBXFileReference; fileEncoding = 4; lastKnownFileType = sourcecode.c.h; path = aes_via_ace.h; sourceTree = "<group>"; };
		187533C91F45812A007BCC35 /* aescrypt.c */ = {isa = PBXFileReference; fileEncoding = 4; lastKnownFileType = sourcecode.c.c; path = aescrypt.c; sourceTree = "<group>"; };
		187533CA1F45812A007BCC35 /* aeskey.c */ = {isa = PBXFileReference; fileEncoding = 4; lastKnownFileType = sourcecode.c.c; path = aeskey.c; sourceTree = "<group>"; };
		187533CB1F45812A007BCC35 /* aesopt.h */ = {isa = PBXFileReference; fileEncoding = 4; lastKnownFileType = sourcecode.c.h; path = aesopt.h; sourceTree = "<group>"; };
		187533CC1F45812A007BCC35 /* aestab.c */ = {isa = PBXFileReference; fileEncoding = 4; lastKnownFileType = sourcecode.c.c; path = aestab.c; sourceTree = "<group>"; };
		187533CD1F45812A007BCC35 /* aestab.h */ = {isa = PBXFileReference; fileEncoding = 4; lastKnownFileType = sourcecode.c.h; path = aestab.h; sourceTree = "<group>"; };
		187533CE1F45812A007BCC35 /* brg_endian.h */ = {isa = PBXFileReference; fileEncoding = 4; lastKnownFileType = sourcecode.c.h; path = brg_endian.h; sourceTree = "<group>"; };
		187533CF1F45812A007BCC35 /* brg_types.h */ = {isa = PBXFileReference; fileEncoding = 4; lastKnownFileType = sourcecode.c.h; path = brg_types.h; sourceTree = "<group>"; };
		187533D01F45812A007BCC35 /* entropy.c */ = {isa = PBXFileReference; fileEncoding = 4; lastKnownFileType = sourcecode.c.c; path = entropy.c; sourceTree = "<group>"; };
		187533D11F45812A007BCC35 /* entropy.h */ = {isa = PBXFileReference; fileEncoding = 4; lastKnownFileType = sourcecode.c.h; path = entropy.h; sourceTree = "<group>"; };
		187533D21F45812A007BCC35 /* fileenc.c */ = {isa = PBXFileReference; fileEncoding = 4; lastKnownFileType = sourcecode.c.c; path = fileenc.c; sourceTree = "<group>"; };
		187533D31F45812A007BCC35 /* fileenc.h */ = {isa = PBXFileReference; fileEncoding = 4; lastKnownFileType = sourcecode.c.h; path = fileenc.h; sourceTree = "<group>"; };
		187533D41F45812A007BCC35 /* hmac.c */ = {isa = PBXFileReference; fileEncoding = 4; lastKnownFileType = sourcecode.c.c; path = hmac.c; sourceTree = "<group>"; };
		187533D51F45812A007BCC35 /* hmac.h */ = {isa = PBXFileReference; fileEncoding = 4; lastKnownFileType = sourcecode.c.h; path = hmac.h; sourceTree = "<group>"; };
		187533D61F45812A007BCC35 /* prng.c */ = {isa = PBXFileReference; fileEncoding = 4; lastKnownFileType = sourcecode.c.c; path = prng.c; sourceTree = "<group>"; };
		187533D71F45812A007BCC35 /* prng.h */ = {isa = PBXFileReference; fileEncoding = 4; lastKnownFileType = sourcecode.c.h; path = prng.h; sourceTree = "<group>"; };
		187533D81F45812A007BCC35 /* pwd2key.c */ = {isa = PBXFileReference; fileEncoding = 4; lastKnownFileType = sourcecode.c.c; path = pwd2key.c; sourceTree = "<group>"; };
		187533D91F45812A007BCC35 /* pwd2key.h */ = {isa = PBXFileReference; fileEncoding = 4; lastKnownFileType = sourcecode.c.h; path = pwd2key.h; sourceTree = "<group>"; };
		187533DA1F45812A007BCC35 /* sha1.c */ = {isa = PBXFileReference; fileEncoding = 4; lastKnownFileType = sourcecode.c.c; path = sha1.c; sourceTree = "<group>"; };
		187533DB1F45812A007BCC35 /* sha1.h */ = {isa = PBXFileReference; fileEncoding = 4; lastKnownFileType = sourcecode.c.h; path = sha1.h; sourceTree = "<group>"; };
		187533DC1F45812A007BCC35 /* Common.h */ = {isa = PBXFileReference; fileEncoding = 4; lastKnownFileType = sourcecode.c.h; path = Common.h; sourceTree = "<group>"; };
		187533DE1F45812A007BCC35 /* crypt.h */ = {isa = PBXFileReference; fileEncoding = 4; lastKnownFileType = sourcecode.c.h; path = crypt.h; sourceTree = "<group>"; };
		187533DF1F45812A007BCC35 /* ioapi.c */ = {isa = PBXFileReference; fileEncoding = 4; lastKnownFileType = sourcecode.c.c; path = ioapi.c; sourceTree = "<group>"; };
		187533E01F45812A007BCC35 /* ioapi.h */ = {isa = PBXFileReference; fileEncoding = 4; lastKnownFileType = sourcecode.c.h; path = ioapi.h; sourceTree = "<group>"; };
		187533E11F45812A007BCC35 /* mztools.c */ = {isa = PBXFileReference; fileEncoding = 4; lastKnownFileType = sourcecode.c.c; path = mztools.c; sourceTree = "<group>"; };
		187533E21F45812A007BCC35 /* mztools.h */ = {isa = PBXFileReference; fileEncoding = 4; lastKnownFileType = sourcecode.c.h; path = mztools.h; sourceTree = "<group>"; };
		187533E31F45812A007BCC35 /* unzip.c */ = {isa = PBXFileReference; fileEncoding = 4; lastKnownFileType = sourcecode.c.c; path = unzip.c; sourceTree = "<group>"; };
		187533E41F45812A007BCC35 /* unzip.h */ = {isa = PBXFileReference; fileEncoding = 4; lastKnownFileType = sourcecode.c.h; path = unzip.h; sourceTree = "<group>"; };
		187533E51F45812A007BCC35 /* zip.c */ = {isa = PBXFileReference; fileEncoding = 4; lastKnownFileType = sourcecode.c.c; path = zip.c; sourceTree = "<group>"; };
		187533E61F45812A007BCC35 /* zip.h */ = {isa = PBXFileReference; fileEncoding = 4; lastKnownFileType = sourcecode.c.h; path = zip.h; sourceTree = "<group>"; };
		187533E71F45812A007BCC35 /* SSZipArchive.h */ = {isa = PBXFileReference; fileEncoding = 4; lastKnownFileType = sourcecode.c.h; path = SSZipArchive.h; sourceTree = "<group>"; };
		187533E81F45812A007BCC35 /* SSZipArchive.m */ = {isa = PBXFileReference; fileEncoding = 4; lastKnownFileType = sourcecode.c.objc; path = SSZipArchive.m; sourceTree = "<group>"; };
		187533EA1F45812A007BCC35 /* config.h */ = {isa = PBXFileReference; fileEncoding = 4; lastKnownFileType = sourcecode.c.h; path = config.h; sourceTree = "<group>"; };
		187533EC1F45812A007BCC35 /* ZContent.h */ = {isa = PBXFileReference; fileEncoding = 4; lastKnownFileType = sourcecode.c.h; path = ZContent.h; sourceTree = "<group>"; };
		187533ED1F45812A007BCC35 /* ZContent.m */ = {isa = PBXFileReference; fileEncoding = 4; lastKnownFileType = sourcecode.c.objc; path = ZContent.m; sourceTree = "<group>"; };
		187533EE1F45812A007BCC35 /* ZPaserProtocol.h */ = {isa = PBXFileReference; fileEncoding = 4; lastKnownFileType = sourcecode.c.h; path = ZPaserProtocol.h; sourceTree = "<group>"; };
		187533EF1F45812A007BCC35 /* ZSheet.h */ = {isa = PBXFileReference; fileEncoding = 4; lastKnownFileType = sourcecode.c.h; path = ZSheet.h; sourceTree = "<group>"; };
		187533F01F45812A007BCC35 /* ZSheet.m */ = {isa = PBXFileReference; fileEncoding = 4; lastKnownFileType = sourcecode.c.objc; path = ZSheet.m; sourceTree = "<group>"; };
		187533F11F45812A007BCC35 /* ZSheetCol.h */ = {isa = PBXFileReference; fileEncoding = 4; lastKnownFileType = sourcecode.c.h; path = ZSheetCol.h; sourceTree = "<group>"; };
		187533F21F45812A007BCC35 /* ZSheetCol.m */ = {isa = PBXFileReference; fileEncoding = 4; lastKnownFileType = sourcecode.c.objc; path = ZSheetCol.m; sourceTree = "<group>"; };
		187533F31F45812A007BCC35 /* ZBaseParser.h */ = {isa = PBXFileReference; fileEncoding = 4; lastKnownFileType = sourcecode.c.h; path = ZBaseParser.h; sourceTree = "<group>"; };
		187533F41F45812A007BCC35 /* ZBaseParser.m */ = {isa = PBXFileReference; fileEncoding = 4; lastKnownFileType = sourcecode.c.objc; path = ZBaseParser.m; sourceTree = "<group>"; };
		187533F51F45812A007BCC35 /* ZContentParser.h */ = {isa = PBXFileReference; fileEncoding = 4; lastKnownFileType = sourcecode.c.h; path = ZContentParser.h; sourceTree = "<group>"; };
		187533F61F45812A007BCC35 /* ZContentParser.m */ = {isa = PBXFileReference; fileEncoding = 4; lastKnownFileType = sourcecode.c.objc; path = ZContentParser.m; sourceTree = "<group>"; };
		187533F71F45812A007BCC35 /* ZSheetParser.h */ = {isa = PBXFileReference; fileEncoding = 4; lastKnownFileType = sourcecode.c.h; path = ZSheetParser.h; sourceTree = "<group>"; };
		187533F81F45812A007BCC35 /* ZSheetParser.m */ = {isa = PBXFileReference; fileEncoding = 4; lastKnownFileType = sourcecode.c.objc; path = ZSheetParser.m; sourceTree = "<group>"; };
		187533F91F45812A007BCC35 /* ZWorkbookParser.h */ = {isa = PBXFileReference; fileEncoding = 4; lastKnownFileType = sourcecode.c.h; path = ZWorkbookParser.h; sourceTree = "<group>"; };
		187533FA1F45812A007BCC35 /* ZWorkbookParser.m */ = {isa = PBXFileReference; fileEncoding = 4; lastKnownFileType = sourcecode.c.objc; path = ZWorkbookParser.m; sourceTree = "<group>"; };
		187533FB1F45812A007BCC35 /* ZXLSXParser.h */ = {isa = PBXFileReference; fileEncoding = 4; lastKnownFileType = sourcecode.c.h; path = ZXLSXParser.h; sourceTree = "<group>"; };
		187533FC1F45812A007BCC35 /* ZXLSXParser.m */ = {isa = PBXFileReference; fileEncoding = 4; lastKnownFileType = sourcecode.c.objc; path = ZXLSXParser.m; sourceTree = "<group>"; };
		187533FD1F45812A007BCC35 /* ZXLSXParsers注解.m */ = {isa = PBXFileReference; fileEncoding = 4; lastKnownFileType = sourcecode.c.objc; path = "ZXLSXParsers注解.m"; sourceTree = "<group>"; };
		1875341E1F45813B007BCC35 /* test.xls */ = {isa = PBXFileReference; lastKnownFileType = file; path = test.xls; sourceTree = "<group>"; };
		1875341F1F45813B007BCC35 /* test3.xlsx */ = {isa = PBXFileReference; lastKnownFileType = file; path = test3.xlsx; sourceTree = "<group>"; };
		187534251F458202007BCC35 /* LAWExcelTool.h */ = {isa = PBXFileReference; fileEncoding = 4; lastKnownFileType = sourcecode.c.h; path = LAWExcelTool.h; sourceTree = "<group>"; };
		187534261F458202007BCC35 /* LAWExcelTool.m */ = {isa = PBXFileReference; fileEncoding = 4; lastKnownFileType = sourcecode.c.objc; path = LAWExcelTool.m; sourceTree = "<group>"; };
		187534281F4582EB007BCC35 /* test.csv */ = {isa = PBXFileReference; fileEncoding = 4; lastKnownFileType = text; path = test.csv; sourceTree = "<group>"; };
		1875342A1F458AC6007BCC35 /* CSVParser.h */ = {isa = PBXFileReference; fileEncoding = 4; lastKnownFileType = sourcecode.c.h; path = CSVParser.h; sourceTree = "<group>"; };
		1875342B1F458AC6007BCC35 /* CSVParser.m */ = {isa = PBXFileReference; fileEncoding = 4; lastKnownFileType = sourcecode.c.objc; path = CSVParser.m; sourceTree = "<group>"; };
		1875342E1F458FA0007BCC35 /* ExcelDemo_Briding_Header.h */ = {isa = PBXFileReference; fileEncoding = 4; lastKnownFileType = sourcecode.c.h; path = ExcelDemo_Briding_Header.h; sourceTree = "<group>"; };
		187534301F459013007BCC35 /* libz.tbd */ = {isa = PBXFileReference; lastKnownFileType = "sourcecode.text-based-dylib-definition"; name = libz.tbd; path = usr/lib/libz.tbd; sourceTree = SDKROOT; };
		187534561F45A479007BCC35 /* libiconv.2.dylib */ = {isa = PBXFileReference; lastKnownFileType = "compiled.mach-o.dylib"; name = libiconv.2.dylib; path = ../../../../usr/lib/libiconv.2.dylib; sourceTree = "<group>"; };
		187534591F45A6B8007BCC35 /* config.h */ = {isa = PBXFileReference; fileEncoding = 4; lastKnownFileType = sourcecode.c.h; path = config.h; sourceTree = "<group>"; };
		1875345B1F45A6B8007BCC35 /* main11.cpp */ = {isa = PBXFileReference; fileEncoding = 4; lastKnownFileType = sourcecode.cpp.cpp; path = main11.cpp; sourceTree = "<group>"; };
		1875345C1F45A6B8007BCC35 /* XlsReader.cpp */ = {isa = PBXFileReference; fileEncoding = 4; lastKnownFileType = sourcecode.cpp.cpp; path = XlsReader.cpp; sourceTree = "<group>"; };
		1875345D1F45A6B8007BCC35 /* XlsReader.h */ = {isa = PBXFileReference; fileEncoding = 4; lastKnownFileType = sourcecode.c.h; path = XlsReader.h; sourceTree = "<group>"; };
		1875345F1F45A6B8007BCC35 /* DHcell-Private.h */ = {isa = PBXFileReference; fileEncoding = 4; lastKnownFileType = sourcecode.c.h; path = "DHcell-Private.h"; sourceTree = "<group>"; };
		187534601F45A6B8007BCC35 /* DHcell.h */ = {isa = PBXFileReference; fileEncoding = 4; lastKnownFileType = sourcecode.c.h; path = DHcell.h; sourceTree = "<group>"; };
		187534611F45A6B8007BCC35 /* DHcell.m */ = {isa = PBXFileReference; fileEncoding = 4; lastKnownFileType = sourcecode.c.objc; path = DHcell.m; sourceTree = "<group>"; };
		187534621F45A6B8007BCC35 /* DHxlsReaderIOS-Prefix.pch */ = {isa = PBXFileReference; fileEncoding = 4; lastKnownFileType = sourcecode.c.h; path = "DHxlsReaderIOS-Prefix.pch"; sourceTree = "<group>"; };
		187534631F45A6B8007BCC35 /* DHxlsReaderIOS.h */ = {isa = PBXFileReference; fileEncoding = 4; lastKnownFileType = sourcecode.c.h; path = DHxlsReaderIOS.h; sourceTree = "<group>"; };
		187534641F45A6B8007BCC35 /* DHxlsReaderIOS.m */ = {isa = PBXFileReference; fileEncoding = 4; lastKnownFileType = sourcecode.c.objc; path = DHxlsReaderIOS.m; sourceTree = "<group>"; };
		187534661F45A6B8007BCC35 /* brdb.c.h */ = {isa = PBXFileReference; fileEncoding = 4; lastKnownFileType = sourcecode.c.h; path = brdb.c.h; sourceTree = "<group>"; };
		187534671F45A6B8007BCC35 /* brdb.h */ = {isa = PBXFileReference; fileEncoding = 4; lastKnownFileType = sourcecode.c.h; path = brdb.h; sourceTree = "<group>"; };
		187534681F45A6B8007BCC35 /* ole.h */ = {isa = PBXFileReference; fileEncoding = 4; lastKnownFileType = sourcecode.c.h; path = ole.h; sourceTree = "<group>"; };
		187534691F45A6B8007BCC35 /* xls.h */ = {isa = PBXFileReference; fileEncoding = 4; lastKnownFileType = sourcecode.c.h; path = xls.h; sourceTree = "<group>"; };
		1875346A1F45A6B8007BCC35 /* xlsstruct.h */ = {isa = PBXFileReference; fileEncoding = 4; lastKnownFileType = sourcecode.c.h; path = xlsstruct.h; sourceTree = "<group>"; };
		1875346B1F45A6B8007BCC35 /* xlstool.h */ = {isa = PBXFileReference; fileEncoding = 4; lastKnownFileType = sourcecode.c.h; path = xlstool.h; sourceTree = "<group>"; };
		1875346C1F45A6B8007BCC35 /* xlstypes.h */ = {isa = PBXFileReference; fileEncoding = 4; lastKnownFileType = sourcecode.c.h; path = xlstypes.h; sourceTree = "<group>"; };
		1875346E1F45A6B8007BCC35 /* getopt.c */ = {isa = PBXFileReference; fileEncoding = 4; lastKnownFileType = sourcecode.c.c; path = getopt.c; sourceTree = "<group>"; };
		1875346F1F45A6B8007BCC35 /* ole.c */ = {isa = PBXFileReference; fileEncoding = 4; lastKnownFileType = sourcecode.c.c; path = ole.c; sourceTree = "<group>"; };
		187534701F45A6B8007BCC35 /* xls.c */ = {isa = PBXFileReference; fileEncoding = 4; lastKnownFileType = sourcecode.c.c; path = xls.c; sourceTree = "<group>"; };
		187534711F45A6B8007BCC35 /* xls2csv.c */ = {isa = PBXFileReference; fileEncoding = 4; lastKnownFileType = sourcecode.c.c; path = xls2csv.c; sourceTree = "<group>"; };
		187534721F45A6B8007BCC35 /* xlstool.c */ = {isa = PBXFileReference; fileEncoding = 4; lastKnownFileType = sourcecode.c.c; path = xlstool.c; sourceTree = "<group>"; };
		1875347C1F45A71B007BCC35 /* ExcelDemoDHlibxls-Prefix.pch */ = {isa = PBXFileReference; fileEncoding = 4; lastKnownFileType = sourcecode.c.h; path = "ExcelDemoDHlibxls-Prefix.pch"; sourceTree = "<group>"; };
/* End PBXFileReference section */

/* Begin PBXFrameworksBuildPhase section */
		1875338E1F458030007BCC35 /* Frameworks */ = {
			isa = PBXFrameworksBuildPhase;
			buildActionMask = 2147483647;
			files = (
				187534571F45A479007BCC35 /* libiconv.2.dylib in Frameworks */,
				187534311F459013007BCC35 /* libz.tbd in Frameworks */,
			);
			runOnlyForDeploymentPostprocessing = 0;
		};
/* End PBXFrameworksBuildPhase section */

/* Begin PBXGroup section */
		187533881F458030007BCC35 = {
			isa = PBXGroup;
			children = (
				1875341E1F45813B007BCC35 /* test.xls */,
				187534281F4582EB007BCC35 /* test.csv */,
				1875341F1F45813B007BCC35 /* test3.xlsx */,
				187533931F458030007BCC35 /* ExcelDemo */,
				187533921F458030007BCC35 /* Products */,
				1875342F1F459012007BCC35 /* Frameworks */,
			);
			sourceTree = "<group>";
		};
		187533921F458030007BCC35 /* Products */ = {
			isa = PBXGroup;
			children = (
				187533911F458030007BCC35 /* ExcelDemo.app */,
			);
			name = Products;
			sourceTree = "<group>";
		};
		187533931F458030007BCC35 /* ExcelDemo */ = {
			isa = PBXGroup;
			children = (
				187533A61F45812A007BCC35 /* ExcelParser */,
				187533941F458031007BCC35 /* AppDelegate.swift */,
				187533961F458031007BCC35 /* ViewController.swift */,
				187533981F458031007BCC35 /* Main.storyboard */,
				1875339B1F458031007BCC35 /* Assets.xcassets */,
				1875339D1F458031007BCC35 /* LaunchScreen.storyboard */,
				187533A01F458031007BCC35 /* Info.plist */,
				1875342E1F458FA0007BCC35 /* ExcelDemo_Briding_Header.h */,
				1875347C1F45A71B007BCC35 /* ExcelDemoDHlibxls-Prefix.pch */,
			);
			path = ExcelDemo;
			sourceTree = "<group>";
		};
		187533A61F45812A007BCC35 /* ExcelParser */ = {
			isa = PBXGroup;
			children = (
				187533A71F45812A007BCC35 /* CSV */,
				187533A81F45812A007BCC35 /* XLS */,
				187533C41F45812A007BCC35 /* XLSX */,
				187534251F458202007BCC35 /* LAWExcelTool.h */,
				187534261F458202007BCC35 /* LAWExcelTool.m */,
			);
			path = ExcelParser;
			sourceTree = "<group>";
		};
		187533A71F45812A007BCC35 /* CSV */ = {
			isa = PBXGroup;
			children = (
				1875342A1F458AC6007BCC35 /* CSVParser.h */,
				1875342B1F458AC6007BCC35 /* CSVParser.m */,
			);
			path = CSV;
			sourceTree = "<group>";
		};
		187533A81F45812A007BCC35 /* XLS */ = {
			isa = PBXGroup;
			children = (
				187534581F45A6B8007BCC35 /* DHxlsReader */,
			);
			path = XLS;
			sourceTree = "<group>";
		};
		187533C41F45812A007BCC35 /* XLSX */ = {
			isa = PBXGroup;
			children = (
				187533C51F45812A007BCC35 /* SSZipArchive */,
				187533E91F45812A007BCC35 /* xmlParser */,
				187533FD1F45812A007BCC35 /* ZXLSXParsers注解.m */,
			);
			path = XLSX;
			sourceTree = "<group>";
		};
		187533C51F45812A007BCC35 /* SSZipArchive */ = {
			isa = PBXGroup;
			children = (
				187533C61F45812A007BCC35 /* aes */,
				187533DC1F45812A007BCC35 /* Common.h */,
				187533DD1F45812A007BCC35 /* minizip */,
				187533E71F45812A007BCC35 /* SSZipArchive.h */,
				187533E81F45812A007BCC35 /* SSZipArchive.m */,
			);
			path = SSZipArchive;
			sourceTree = "<group>";
		};
		187533C61F45812A007BCC35 /* aes */ = {
			isa = PBXGroup;
			children = (
				187533C71F45812A007BCC35 /* aes.h */,
				187533C81F45812A007BCC35 /* aes_via_ace.h */,
				187533C91F45812A007BCC35 /* aescrypt.c */,
				187533CA1F45812A007BCC35 /* aeskey.c */,
				187533CB1F45812A007BCC35 /* aesopt.h */,
				187533CC1F45812A007BCC35 /* aestab.c */,
				187533CD1F45812A007BCC35 /* aestab.h */,
				187533CE1F45812A007BCC35 /* brg_endian.h */,
				187533CF1F45812A007BCC35 /* brg_types.h */,
				187533D01F45812A007BCC35 /* entropy.c */,
				187533D11F45812A007BCC35 /* entropy.h */,
				187533D21F45812A007BCC35 /* fileenc.c */,
				187533D31F45812A007BCC35 /* fileenc.h */,
				187533D41F45812A007BCC35 /* hmac.c */,
				187533D51F45812A007BCC35 /* hmac.h */,
				187533D61F45812A007BCC35 /* prng.c */,
				187533D71F45812A007BCC35 /* prng.h */,
				187533D81F45812A007BCC35 /* pwd2key.c */,
				187533D91F45812A007BCC35 /* pwd2key.h */,
				187533DA1F45812A007BCC35 /* sha1.c */,
				187533DB1F45812A007BCC35 /* sha1.h */,
			);
			path = aes;
			sourceTree = "<group>";
		};
		187533DD1F45812A007BCC35 /* minizip */ = {
			isa = PBXGroup;
			children = (
				187533DE1F45812A007BCC35 /* crypt.h */,
				187533DF1F45812A007BCC35 /* ioapi.c */,
				187533E01F45812A007BCC35 /* ioapi.h */,
				187533E11F45812A007BCC35 /* mztools.c */,
				187533E21F45812A007BCC35 /* mztools.h */,
				187533E31F45812A007BCC35 /* unzip.c */,
				187533E41F45812A007BCC35 /* unzip.h */,
				187533E51F45812A007BCC35 /* zip.c */,
				187533E61F45812A007BCC35 /* zip.h */,
			);
			path = minizip;
			sourceTree = "<group>";
		};
		187533E91F45812A007BCC35 /* xmlParser */ = {
			isa = PBXGroup;
			children = (
				187533EA1F45812A007BCC35 /* config.h */,
				187533EB1F45812A007BCC35 /* models */,
				187533F31F45812A007BCC35 /* ZBaseParser.h */,
				187533F41F45812A007BCC35 /* ZBaseParser.m */,
				187533F51F45812A007BCC35 /* ZContentParser.h */,
				187533F61F45812A007BCC35 /* ZContentParser.m */,
				187533F71F45812A007BCC35 /* ZSheetParser.h */,
				187533F81F45812A007BCC35 /* ZSheetParser.m */,
				187533F91F45812A007BCC35 /* ZWorkbookParser.h */,
				187533FA1F45812A007BCC35 /* ZWorkbookParser.m */,
				187533FB1F45812A007BCC35 /* ZXLSXParser.h */,
				187533FC1F45812A007BCC35 /* ZXLSXParser.m */,
			);
			path = xmlParser;
			sourceTree = "<group>";
		};
		187533EB1F45812A007BCC35 /* models */ = {
			isa = PBXGroup;
			children = (
				187533EC1F45812A007BCC35 /* ZContent.h */,
				187533ED1F45812A007BCC35 /* ZContent.m */,
				187533EE1F45812A007BCC35 /* ZPaserProtocol.h */,
				187533EF1F45812A007BCC35 /* ZSheet.h */,
				187533F01F45812A007BCC35 /* ZSheet.m */,
				187533F11F45812A007BCC35 /* ZSheetCol.h */,
				187533F21F45812A007BCC35 /* ZSheetCol.m */,
			);
			path = models;
			sourceTree = "<group>";
		};
		1875342F1F459012007BCC35 /* Frameworks */ = {
			isa = PBXGroup;
			children = (
				187534561F45A479007BCC35 /* libiconv.2.dylib */,
				187534301F459013007BCC35 /* libz.tbd */,
			);
			name = Frameworks;
			sourceTree = "<group>";
		};
		187534581F45A6B8007BCC35 /* DHxlsReader */ = {
			isa = PBXGroup;
			children = (
				187534591F45A6B8007BCC35 /* config.h */,
				1875345A1F45A6B8007BCC35 /* cplusplus */,
				1875345E1F45A6B8007BCC35 /* DHxlsReaderIOS */,
				187534651F45A6B8007BCC35 /* libxls */,
				1875346D1F45A6B8007BCC35 /* src */,
			);
			path = DHxlsReader;
			sourceTree = "<group>";
		};
		1875345A1F45A6B8007BCC35 /* cplusplus */ = {
			isa = PBXGroup;
			children = (
				1875345B1F45A6B8007BCC35 /* main11.cpp */,
				1875345C1F45A6B8007BCC35 /* XlsReader.cpp */,
				1875345D1F45A6B8007BCC35 /* XlsReader.h */,
			);
			path = cplusplus;
			sourceTree = "<group>";
		};
		1875345E1F45A6B8007BCC35 /* DHxlsReaderIOS */ = {
			isa = PBXGroup;
			children = (
				1875345F1F45A6B8007BCC35 /* DHcell-Private.h */,
				187534601F45A6B8007BCC35 /* DHcell.h */,
				187534611F45A6B8007BCC35 /* DHcell.m */,
				187534621F45A6B8007BCC35 /* DHxlsReaderIOS-Prefix.pch */,
				187534631F45A6B8007BCC35 /* DHxlsReaderIOS.h */,
				187534641F45A6B8007BCC35 /* DHxlsReaderIOS.m */,
			);
			path = DHxlsReaderIOS;
			sourceTree = "<group>";
		};
		187534651F45A6B8007BCC35 /* libxls */ = {
			isa = PBXGroup;
			children = (
				187534661F45A6B8007BCC35 /* brdb.c.h */,
				187534671F45A6B8007BCC35 /* brdb.h */,
				187534681F45A6B8007BCC35 /* ole.h */,
				187534691F45A6B8007BCC35 /* xls.h */,
				1875346A1F45A6B8007BCC35 /* xlsstruct.h */,
				1875346B1F45A6B8007BCC35 /* xlstool.h */,
				1875346C1F45A6B8007BCC35 /* xlstypes.h */,
			);
			path = libxls;
			sourceTree = "<group>";
		};
		1875346D1F45A6B8007BCC35 /* src */ = {
			isa = PBXGroup;
			children = (
				1875346E1F45A6B8007BCC35 /* getopt.c */,
				1875346F1F45A6B8007BCC35 /* ole.c */,
				187534701F45A6B8007BCC35 /* xls.c */,
				187534711F45A6B8007BCC35 /* xls2csv.c */,
				187534721F45A6B8007BCC35 /* xlstool.c */,
			);
			path = src;
			sourceTree = "<group>";
		};
/* End PBXGroup section */

/* Begin PBXNativeTarget section */
		187533901F458030007BCC35 /* ExcelDemo */ = {
			isa = PBXNativeTarget;
			buildConfigurationList = 187533A31F458031007BCC35 /* Build configuration list for PBXNativeTarget "ExcelDemo" */;
			buildPhases = (
				1875338D1F458030007BCC35 /* Sources */,
				1875338E1F458030007BCC35 /* Frameworks */,
				1875338F1F458030007BCC35 /* Resources */,
			);
			buildRules = (
			);
			dependencies = (
			);
			name = ExcelDemo;
			productName = ExcelDemo;
			productReference = 187533911F458030007BCC35 /* ExcelDemo.app */;
			productType = "com.apple.product-type.application";
		};
/* End PBXNativeTarget section */

/* Begin PBXProject section */
		187533891F458030007BCC35 /* Project object */ = {
			isa = PBXProject;
			attributes = {
				LastSwiftUpdateCheck = 0820;
				LastUpgradeCheck = 0820;
				ORGANIZATIONNAME = molangwu;
				TargetAttributes = {
					187533901F458030007BCC35 = {
						CreatedOnToolsVersion = 8.2.1;
						DevelopmentTeam = 34H2866AF8;
						ProvisioningStyle = Automatic;
					};
				};
			};
			buildConfigurationList = 1875338C1F458030007BCC35 /* Build configuration list for PBXProject "ExcelDemo" */;
			compatibilityVersion = "Xcode 3.2";
			developmentRegion = English;
			hasScannedForEncodings = 0;
			knownRegions = (
				en,
				Base,
			);
			mainGroup = 187533881F458030007BCC35;
			productRefGroup = 187533921F458030007BCC35 /* Products */;
			projectDirPath = "";
			projectRoot = "";
			targets = (
				187533901F458030007BCC35 /* ExcelDemo */,
			);
		};
/* End PBXProject section */

/* Begin PBXResourcesBuildPhase section */
		1875338F1F458030007BCC35 /* Resources */ = {
			isa = PBXResourcesBuildPhase;
			buildActionMask = 2147483647;
			files = (
				1875339F1F458031007BCC35 /* LaunchScreen.storyboard in Resources */,
				187534201F45813B007BCC35 /* test.xls in Resources */,
				187534291F4582EB007BCC35 /* test.csv in Resources */,
				1875339C1F458031007BCC35 /* Assets.xcassets in Resources */,
				187534211F45813B007BCC35 /* test3.xlsx in Resources */,
				1875339A1F458031007BCC35 /* Main.storyboard in Resources */,
			);
			runOnlyForDeploymentPostprocessing = 0;
		};
/* End PBXResourcesBuildPhase section */

/* Begin PBXSourcesBuildPhase section */
		1875338D1F458030007BCC35 /* Sources */ = {
			isa = PBXSourcesBuildPhase;
			buildActionMask = 2147483647;
			files = (
				187534781F45A6B8007BCC35 /* ole.c in Sources */,
				1875340F1F45812A007BCC35 /* sha1.c in Sources */,
				1875341B1F45812A007BCC35 /* ZWorkbookParser.m in Sources */,
				187534141F45812A007BCC35 /* SSZipArchive.m in Sources */,
				1875340D1F45812A007BCC35 /* prng.c in Sources */,
				187534191F45812A007BCC35 /* ZContentParser.m in Sources */,
				1875340B1F45812A007BCC35 /* fileenc.c in Sources */,
				1875341D1F45812A007BCC35 /* ZXLSXParsers注解.m in Sources */,
				187534171F45812A007BCC35 /* ZSheetCol.m in Sources */,
				187534101F45812A007BCC35 /* ioapi.c in Sources */,
				187534131F45812A007BCC35 /* zip.c in Sources */,
				1875347B1F45A6B8007BCC35 /* xlstool.c in Sources */,
				1875341A1F45812A007BCC35 /* ZSheetParser.m in Sources */,
				187533971F458031007BCC35 /* ViewController.swift in Sources */,
				187534771F45A6B8007BCC35 /* getopt.c in Sources */,
				1875342C1F458AC6007BCC35 /* CSVParser.m in Sources */,
				187534151F45812A007BCC35 /* ZContent.m in Sources */,
				1875340A1F45812A007BCC35 /* entropy.c in Sources */,
				1875347A1F45A6B8007BCC35 /* xls2csv.c in Sources */,
				187534091F45812A007BCC35 /* aestab.c in Sources */,
				187534111F45812A007BCC35 /* mztools.c in Sources */,
				187534791F45A6B8007BCC35 /* xls.c in Sources */,
				187534071F45812A007BCC35 /* aescrypt.c in Sources */,
				1875340E1F45812A007BCC35 /* pwd2key.c in Sources */,
				187534761F45A6B8007BCC35 /* DHxlsReaderIOS.m in Sources */,
				187534081F45812A007BCC35 /* aeskey.c in Sources */,
				1875341C1F45812A007BCC35 /* ZXLSXParser.m in Sources */,
				187534741F45A6B8007BCC35 /* XlsReader.cpp in Sources */,
				187534161F45812A007BCC35 /* ZSheet.m in Sources */,
				187534751F45A6B8007BCC35 /* DHcell.m in Sources */,
				187534731F45A6B8007BCC35 /* main11.cpp in Sources */,
				187534181F45812A007BCC35 /* ZBaseParser.m in Sources */,
				1875340C1F45812A007BCC35 /* hmac.c in Sources */,
				187534121F45812A007BCC35 /* unzip.c in Sources */,
				187533951F458031007BCC35 /* AppDelegate.swift in Sources */,
				187534271F458202007BCC35 /* LAWExcelTool.m in Sources */,
			);
			runOnlyForDeploymentPostprocessing = 0;
		};
/* End PBXSourcesBuildPhase section */

/* Begin PBXVariantGroup section */
		187533981F458031007BCC35 /* Main.storyboard */ = {
			isa = PBXVariantGroup;
			children = (
				187533991F458031007BCC35 /* Base */,
			);
			name = Main.storyboard;
			sourceTree = "<group>";
		};
		1875339D1F458031007BCC35 /* LaunchScreen.storyboard */ = {
			isa = PBXVariantGroup;
			children = (
				1875339E1F458031007BCC35 /* Base */,
			);
			name = LaunchScreen.storyboard;
			sourceTree = "<group>";
		};
/* End PBXVariantGroup section */

/* Begin XCBuildConfiguration section */
		187533A11F458031007BCC35 /* Debug */ = {
			isa = XCBuildConfiguration;
			buildSettings = {
				ALWAYS_SEARCH_USER_PATHS = NO;
				CLANG_ANALYZER_NONNULL = YES;
				CLANG_CXX_LANGUAGE_STANDARD = "gnu++0x";
				CLANG_CXX_LIBRARY = "libc++";
				CLANG_ENABLE_MODULES = YES;
				CLANG_ENABLE_OBJC_ARC = YES;
				CLANG_WARN_BOOL_CONVERSION = YES;
				CLANG_WARN_CONSTANT_CONVERSION = YES;
				CLANG_WARN_DIRECT_OBJC_ISA_USAGE = YES_ERROR;
				CLANG_WARN_DOCUMENTATION_COMMENTS = YES;
				CLANG_WARN_EMPTY_BODY = YES;
				CLANG_WARN_ENUM_CONVERSION = YES;
				CLANG_WARN_INFINITE_RECURSION = YES;
				CLANG_WARN_INT_CONVERSION = YES;
				CLANG_WARN_OBJC_ROOT_CLASS = YES_ERROR;
				CLANG_WARN_SUSPICIOUS_MOVE = YES;
				CLANG_WARN_UNREACHABLE_CODE = YES;
				CLANG_WARN__DUPLICATE_METHOD_MATCH = YES;
				"CODE_SIGN_IDENTITY[sdk=iphoneos*]" = "iPhone Developer";
				COPY_PHASE_STRIP = NO;
				DEBUG_INFORMATION_FORMAT = dwarf;
				ENABLE_STRICT_OBJC_MSGSEND = YES;
				ENABLE_TESTABILITY = YES;
				GCC_C_LANGUAGE_STANDARD = gnu99;
				GCC_DYNAMIC_NO_PIC = NO;
				GCC_NO_COMMON_BLOCKS = YES;
				GCC_OPTIMIZATION_LEVEL = 0;
				GCC_PREPROCESSOR_DEFINITIONS = (
					"DEBUG=1",
					"$(inherited)",
				);
				GCC_WARN_64_TO_32_BIT_CONVERSION = YES;
				GCC_WARN_ABOUT_RETURN_TYPE = YES_ERROR;
				GCC_WARN_UNDECLARED_SELECTOR = YES;
				GCC_WARN_UNINITIALIZED_AUTOS = YES_AGGRESSIVE;
				GCC_WARN_UNUSED_FUNCTION = YES;
				GCC_WARN_UNUSED_VARIABLE = YES;
				IPHONEOS_DEPLOYMENT_TARGET = 10.2;
				MTL_ENABLE_DEBUG_INFO = YES;
				ONLY_ACTIVE_ARCH = YES;
				SDKROOT = iphoneos;
				SWIFT_ACTIVE_COMPILATION_CONDITIONS = DEBUG;
				SWIFT_OPTIMIZATION_LEVEL = "-Onone";
			};
			name = Debug;
		};
		187533A21F458031007BCC35 /* Release */ = {
			isa = XCBuildConfiguration;
			buildSettings = {
				ALWAYS_SEARCH_USER_PATHS = NO;
				CLANG_ANALYZER_NONNULL = YES;
				CLANG_CXX_LANGUAGE_STANDARD = "gnu++0x";
				CLANG_CXX_LIBRARY = "libc++";
				CLANG_ENABLE_MODULES = YES;
				CLANG_ENABLE_OBJC_ARC = YES;
				CLANG_WARN_BOOL_CONVERSION = YES;
				CLANG_WARN_CONSTANT_CONVERSION = YES;
				CLANG_WARN_DIRECT_OBJC_ISA_USAGE = YES_ERROR;
				CLANG_WARN_DOCUMENTATION_COMMENTS = YES;
				CLANG_WARN_EMPTY_BODY = YES;
				CLANG_WARN_ENUM_CONVERSION = YES;
				CLANG_WARN_INFINITE_RECURSION = YES;
				CLANG_WARN_INT_CONVERSION = YES;
				CLANG_WARN_OBJC_ROOT_CLASS = YES_ERROR;
				CLANG_WARN_SUSPICIOUS_MOVE = YES;
				CLANG_WARN_UNREACHABLE_CODE = YES;
				CLANG_WARN__DUPLICATE_METHOD_MATCH = YES;
				"CODE_SIGN_IDENTITY[sdk=iphoneos*]" = "iPhone Developer";
				COPY_PHASE_STRIP = NO;
				DEBUG_INFORMATION_FORMAT = "dwarf-with-dsym";
				ENABLE_NS_ASSERTIONS = NO;
				ENABLE_STRICT_OBJC_MSGSEND = YES;
				GCC_C_LANGUAGE_STANDARD = gnu99;
				GCC_NO_COMMON_BLOCKS = YES;
				GCC_WARN_64_TO_32_BIT_CONVERSION = YES;
				GCC_WARN_ABOUT_RETURN_TYPE = YES_ERROR;
				GCC_WARN_UNDECLARED_SELECTOR = YES;
				GCC_WARN_UNINITIALIZED_AUTOS = YES_AGGRESSIVE;
				GCC_WARN_UNUSED_FUNCTION = YES;
				GCC_WARN_UNUSED_VARIABLE = YES;
				IPHONEOS_DEPLOYMENT_TARGET = 10.2;
				MTL_ENABLE_DEBUG_INFO = NO;
				SDKROOT = iphoneos;
				SWIFT_OPTIMIZATION_LEVEL = "-Owholemodule";
				VALIDATE_PRODUCT = YES;
			};
			name = Release;
		};
		187533A41F458031007BCC35 /* Debug */ = {
			isa = XCBuildConfiguration;
			buildSettings = {
				ASSETCATALOG_COMPILER_APPICON_NAME = AppIcon;
				DEVELOPMENT_TEAM = 34H2866AF8;
				GCC_PRECOMPILE_PREFIX_HEADER = YES;
				GCC_PREFIX_HEADER = "ExcelDemo/ExcelDemoDHlibxls-Prefix.pch";
				INFOPLIST_FILE = ExcelDemo/Info.plist;
				IPHONEOS_DEPLOYMENT_TARGET = 10.0;
				LD_RUNPATH_SEARCH_PATHS = "$(inherited) @executable_path/Frameworks";
				PRODUCT_BUNDLE_IDENTIFIER = com.jmu.ExcelDemo;
				PRODUCT_NAME = "$(TARGET_NAME)";
				SWIFT_OBJC_BRIDGING_HEADER = ExcelDemo/ExcelDemo_Briding_Header.h;
				SWIFT_VERSION = 3.0;
			};
			name = Debug;
		};
		187533A51F458031007BCC35 /* Release */ = {
			isa = XCBuildConfiguration;
			buildSettings = {
				ASSETCATALOG_COMPILER_APPICON_NAME = AppIcon;
				DEVELOPMENT_TEAM = 34H2866AF8;
				GCC_PRECOMPILE_PREFIX_HEADER = YES;
				GCC_PREFIX_HEADER = "ExcelDemo/ExcelDemoDHlibxls-Prefix.pch";
				INFOPLIST_FILE = ExcelDemo/Info.plist;
				IPHONEOS_DEPLOYMENT_TARGET = 10.0;
				LD_RUNPATH_SEARCH_PATHS = "$(inherited) @executable_path/Frameworks";
				PRODUCT_BUNDLE_IDENTIFIER = com.jmu.ExcelDemo;
				PRODUCT_NAME = "$(TARGET_NAME)";
				SWIFT_OBJC_BRIDGING_HEADER = ExcelDemo/ExcelDemo_Briding_Header.h;
				SWIFT_VERSION = 3.0;
			};
			name = Release;
		};
/* End XCBuildConfiguration section */

/* Begin XCConfigurationList section */
		1875338C1F458030007BCC35 /* Build configuration list for PBXProject "ExcelDemo" */ = {
			isa = XCConfigurationList;
			buildConfigurations = (
				187533A11F458031007BCC35 /* Debug */,
				187533A21F458031007BCC35 /* Release */,
			);
			defaultConfigurationIsVisible = 0;
			defaultConfigurationName = Release;
		};
		187533A31F458031007BCC35 /* Build configuration list for PBXNativeTarget "ExcelDemo" */ = {
			isa = XCConfigurationList;
			buildConfigurations = (
				187533A41F458031007BCC35 /* Debug */,
				187533A51F458031007BCC35 /* Release */,
			);
			defaultConfigurationIsVisible = 0;
			defaultConfigurationName = Release;
		};
/* End XCConfigurationList section */
	};
	rootObject = 187533891F458030007BCC35 /* Project object */;
}
